
Microsoft Visual Studio Solution File, Format Version 12.00
# Visual Studio 15
VisualStudioVersion = 15.0.28010.2048
MinimumVisualStudioVersion = 10.0.40219.1
Project("{FAE04EC0-301F-11D3-BF4B-00C04F79EFBC}") = "TestApp", "TestApp\TestApp.csproj", "{2B6D1D67-E347-4410-B8A4-93AA057833E8}"
EndProject
Global
	GlobalSection(SolutionConfigurationPlatforms) = preSolution
		Debug|Any CPU = Debug|Any CPU
		Release|Any CPU = Release|Any CPU
	EndGlobalSection
	GlobalSection(ProjectConfigurationPlatforms) = postSolution
		{2B6D1D67-E347-4410-B8A4-93AA057833E8}.Debug|Any CPU.ActiveCfg = Debug|Any CPU
		{2B6D1D67-E347-4410-B8A4-93AA057833E8}.Debug|Any CPU.Build.0 = Debug|Any CPU
		{2B6D1D67-E347-4410-B8A4-93AA057833E8}.Release|Any CPU.ActiveCfg = Release|Any CPU
		{2B6D1D67-E347-4410-B8A4-93AA057833E8}.Release|Any CPU.Build.0 = Release|Any CPU
	EndGlobalSection
	GlobalSection(SolutionProperties) = preSolution
		HideSolutionNode = FALSE
	EndGlobalSection
	GlobalSection(ExtensibilityGlobals) = postSolution
		SolutionGuid = {FE2CA870-3E52-49B1-B8E5-F85A2F904543}
	EndGlobalSection
EndGlobal
